
Microsoft Visual Studio Solution File, Format Version 12.00
# Visual Studio Version 17
VisualStudioVersion = 17.0.31912.275
MinimumVisualStudioVersion = 10.0.40219.1
Project("{FAE04EC0-301F-11D3-BF4B-00C04F79EFBC}") = "MusicApi", "MusicApi\MusicApi.csproj", "{60999FE0-8160-48C4-AE3E-899E7533D08A}"
EndProject
Global
	GlobalSection(SolutionConfigurationPlatforms) = preSolution
		Debug|Any CPU = Debug|Any CPU
		Release|Any CPU = Release|Any CPU
	EndGlobalSection
	GlobalSection(ProjectConfigurationPlatforms) = postSolution
		{60999FE0-8160-48C4-AE3E-899E7533D08A}.Debug|Any CPU.ActiveCfg = Debug|Any CPU
		{60999FE0-8160-48C4-AE3E-899E7533D08A}.Debug|Any CPU.Build.0 = Debug|Any CPU
		{60999FE0-8160-48C4-AE3E-899E7533D08A}.Release|Any CPU.ActiveCfg = Release|Any CPU
		{60999FE0-8160-48C4-AE3E-899E7533D08A}.Release|Any CPU.Build.0 = Release|Any CPU
	EndGlobalSection
	GlobalSection(SolutionProperties) = preSolution
		HideSolutionNode = FALSE
	EndGlobalSection
	GlobalSection(ExtensibilityGlobals) = postSolution
		SolutionGuid = {3446780B-5869-4C73-8B92-138B0704B111}
	EndGlobalSection
EndGlobal
